# THIS IS AN AUTOGENERATED FILE. DO NOT EDIT THIS FILE DIRECTLY.
# yarn lockfile v1


"@types/eventsource@^1.1.2":
  version "1.1.2"
  resolved "https://registry.yarnpkg.com/@types/eventsource/-/eventsource-1.1.2.tgz#079ab4213e844e56f7384aec620e1163dab692b3"
  integrity sha512-4AKWJ6tvEU4fk0770oAK4Z0lQUuSnc5ljHTcYZhQtdP7XMDKKvegGUC6xGD8+4+F+svZKAzlxbKnuGWfgMtgVA==

"@types/node@*":
  version "13.9.2"
  resolved "https://registry.yarnpkg.com/@types/node/-/node-13.9.2.tgz#ace1880c03594cc3e80206d96847157d8e7fa349"
  integrity sha512-bnoqK579sAYrQbp73wwglccjJ4sfRdKU7WNEZ5FW4K2U6Kc0/eZ5kvXG0JKsEKFB50zrFmfFt52/cvBbZa7eXg==

"@types/prop-types@*":
  version "15.7.3"
  resolved "https://registry.yarnpkg.com/@types/prop-types/-/prop-types-15.7.3.tgz#2ab0d5da2e5815f94b0b9d4b95d1e5f243ab2ca7"
  integrity sha512-KfRL3PuHmqQLOG+2tGpRO26Ctg+Cq1E01D2DMriKEATHgWLfeNDmq9e29Q9WIky0dQ3NPkd1mzYH8Lm936Z9qw==

"@types/react-dom@^16.8.0":
  version "16.9.5"
  resolved "https://registry.yarnpkg.com/@types/react-dom/-/react-dom-16.9.5.tgz#5de610b04a35d07ffd8f44edad93a71032d9aaa7"
  integrity sha512-BX6RQ8s9D+2/gDhxrj8OW+YD4R+8hj7FEM/OJHGNR0KipE1h1mSsf39YeyC81qafkq+N3rU3h3RFbLSwE5VqUg==
  dependencies:
    "@types/react" "*"

"@types/react@*", "@types/react@^16.8.0":
  version "16.9.25"
  resolved "https://registry.yarnpkg.com/@types/react/-/react-16.9.25.tgz#6ae2159b40138c792058a23c3c04fd3db49e929e"
  integrity sha512-Dlj2V72cfYLPNscIG3/SMUOzhzj7GK3bpSrfefwt2YT9GLynvLCCZjbhyF6VsT0q0+aRACRX03TDJGb7cA0cqg==
  dependencies:
    "@types/prop-types" "*"
    csstype "^2.2.0"

"@types/rsocket-core@*":
  version "0.0.5"
  resolved "https://registry.yarnpkg.com/@types/rsocket-core/-/rsocket-core-0.0.5.tgz#5c5605af821a56cbce1777a420583511f3d31974"
  integrity sha512-ARlWAs7kJGFezpaK7wGZWB5XhEqMP4NlWBqae43goLR31fLU/VmaCmlIgVOFxj5xwNO6EcUlFQBZNVNxr3Qk3Q==
  dependencies:
    "@types/node" "*"
    "@types/rsocket-flowable" "*"
    "@types/rsocket-types" "*"

"@types/rsocket-flowable@*":
  version "0.0.3"
  resolved "https://registry.yarnpkg.com/@types/rsocket-flowable/-/rsocket-flowable-0.0.3.tgz#e57c397744b1efb14584ade411f05222c2f7162a"
  integrity sha512-fBaWvQuNTRFlu/GZ34ssqe2gA683FoWAkWYq6o1bLWkIP2MgZmhc1GLyxli8A3Np/ysvwR1/9AipQoRkjOW7DA==
  dependencies:
    "@types/rsocket-types" "*"

"@types/rsocket-types@*":
  version "0.0.2"
  resolved "https://registry.yarnpkg.com/@types/rsocket-types/-/rsocket-types-0.0.2.tgz#a39946a902e345e872df6176336496a4b1f97587"
  integrity sha512-OkyRD4t4djiznJOGo3txcBEZy+dpC5s+mfDxkD4pd++V923Xp5vTqTBFIb5YQlXpwLw5pMQJc8xTOu4JIq+cmA==
  dependencies:
    "@types/node" "*"
    "@types/rsocket-flowable" "*"

"@types/rsocket-websocket-client@^0.0.3":
  version "0.0.3"
  resolved "https://registry.yarnpkg.com/@types/rsocket-websocket-client/-/rsocket-websocket-client-0.0.3.tgz#44ae9fd86d04d836bd432027eed6e16ad5a58e8a"
  integrity sha512-AeAgUClLeFvCymC9ocgIAgaD+h5ZPLvJzJaw7DSHAkBh9wVCcrtRGOhGpHf0prN6rf8tG09dcWs5yzbCYYnmFA==
  dependencies:
    "@types/rsocket-core" "*"
    "@types/rsocket-flowable" "*"
    "@types/rsocket-types" "*"

csstype@^2.2.0:
  version "2.6.9"
  resolved "https://registry.yarnpkg.com/csstype/-/csstype-2.6.9.tgz#05141d0cd557a56b8891394c1911c40c8a98d098"
  integrity sha512-xz39Sb4+OaTsULgUERcCk+TJj8ylkL4aSVDQiX/ksxbELSqwkgt4d4RD7fovIdgJGSuNYqwZEiVjYY5l0ask+Q==

csw-aas-js@1.0.0:
  version "1.0.0"
  resolved "https://registry.yarnpkg.com/csw-aas-js/-/csw-aas-js-1.0.0.tgz#d2575ac9129815c753ed63edbf682344f6c9d574"
  integrity sha512-GeaSl5iRv7bN6PyPhOGhJSb3Pp98gmZXttU80rxWi4BukbvdqIXMvZTkUd6Gsmrbqdle3GFoODM/F74Ampmhig==
  dependencies:
    keycloak-js "6.0.1"

keycloak-js@6.0.1:
  version "6.0.1"
  resolved "https://registry.yarnpkg.com/keycloak-js/-/keycloak-js-6.0.1.tgz#329a5e77210dfc4a7d4acf96f95dd0132455bea3"
  integrity sha512-p02dBCA9pSH1xvTmRIEMdeMz00eCGKmZF+rjMeqrkiQD4xhXkzu50J9sQjaANolMlLhazOtfql70+N5QWm8Upg==

typescript@^3.8.0:
  version "3.8.3"
  resolved "https://registry.yarnpkg.com/typescript/-/typescript-3.8.3.tgz#409eb8544ea0335711205869ec458ab109ee1061"
  integrity sha512-MYlEfn5VrLNsgudQTVJeNaQFUAI7DkhnOjdpAp4T+ku1TfQClewlbSuTVHiA+8skNBgaf02TL/kLOvig4y3G8w==
