# THIS IS AN AUTOGENERATED FILE. DO NOT EDIT THIS FILE DIRECTLY.
# yarn lockfile v1


"@types/node@*":
  version "13.1.8"
  resolved "https://registry.yarnpkg.com/@types/node/-/node-13.1.8.tgz#1d590429fe8187a02707720ecf38a6fe46ce294b"
  integrity sha512-6XzyyNM9EKQW4HKuzbo/CkOIjn/evtCmsU+MUM1xDfJ+3/rNjBttM1NgN7AOQvN6tP1Sl1D1PIKMreTArnxM9A==

"@types/rsocket-core@*":
  version "0.0.3"
  resolved "https://registry.yarnpkg.com/@types/rsocket-core/-/rsocket-core-0.0.3.tgz#7a2d188002aaa62690fa97bd92138434e6b31cda"
  integrity sha512-dCVQF0manLKbkcAggnafCR7Nkl5wBm3mqydcSUOA8JWeGeSp2k4aXTImhASkgFdyulB/RzGSUEIPOaJR4sB3qA==
  dependencies:
    "@types/node" "*"
    "@types/rsocket-flowable" "*"
    "@types/rsocket-types" "*"

"@types/rsocket-flowable@*":
  version "0.0.2"
  resolved "https://registry.yarnpkg.com/@types/rsocket-flowable/-/rsocket-flowable-0.0.2.tgz#2a795798e3bcde5905772a4acc692290e32e85aa"
  integrity sha512-yBbwAjta5kWuR+DINmxEJJ1Nfy8/JUCEVFnrzlqVGk0u85Apki5GUY5mjEeDIwWVWdTUt/jXoPemdv74wBdBHg==
  dependencies:
    "@types/rsocket-types" "*"

"@types/rsocket-types@*":
  version "0.0.2"
  resolved "https://registry.yarnpkg.com/@types/rsocket-types/-/rsocket-types-0.0.2.tgz#a39946a902e345e872df6176336496a4b1f97587"
  integrity sha512-OkyRD4t4djiznJOGo3txcBEZy+dpC5s+mfDxkD4pd++V923Xp5vTqTBFIb5YQlXpwLw5pMQJc8xTOu4JIq+cmA==
  dependencies:
    "@types/node" "*"
    "@types/rsocket-flowable" "*"

"@types/rsocket-websocket-client@0.0.3":
  version "0.0.3"
  resolved "https://registry.yarnpkg.com/@types/rsocket-websocket-client/-/rsocket-websocket-client-0.0.3.tgz#44ae9fd86d04d836bd432027eed6e16ad5a58e8a"
  integrity sha512-AeAgUClLeFvCymC9ocgIAgaD+h5ZPLvJzJaw7DSHAkBh9wVCcrtRGOhGpHf0prN6rf8tG09dcWs5yzbCYYnmFA==
  dependencies:
    "@types/rsocket-core" "*"
    "@types/rsocket-flowable" "*"
    "@types/rsocket-types" "*"

typescript@3.7.2:
  version "3.7.2"
  resolved "https://registry.yarnpkg.com/typescript/-/typescript-3.7.2.tgz#27e489b95fa5909445e9fef5ee48d81697ad18fb"
  integrity sha512-ml7V7JfiN2Xwvcer+XAf2csGO1bPBdRbFCkYBczNZggrBZ9c7G3riSUeJmqEU5uOtXNPMhE3n+R4FA/3YOAWOQ==
